// !$*UTF8*$!
{
	archiveVersion = 1;
	classes = {
	};
	objectVersion = 46;
	objects = {

/* Begin PBXBuildFile section */
		00F0EB3A31EBC56D5C8FD1A2 /* UnifiedWaterfallFeed.swift in Sources */ = {isa = PBXBuildFile; fileRef = E6C9A8E0BFAA3760810CA99E /* UnifiedWaterfallFeed.swift */; };
		0B8914BE9F0288AEBFBADB17 /* SceneSocialIntentView.swift in Sources */ = {isa = PBXBuildFile; fileRef = C03C0826FB8CEC55F2FEFE6E /* SceneSocialIntentView.swift */; };
		0DFC6043FA6EA66E40CC96C0 /* AIMemoryMatchingView.swift in Sources */ = {isa = PBXBuildFile; fileRef = 74023AEE2F64369AA799E8A3 /* AIMemoryMatchingView.swift */; };
		2D2FC6D6207F002FEAB3045C /* ContactMaskView.swift in Sources */ = {isa = PBXBuildFile; fileRef = 991D144BC6F64A2015523AA5 /* ContactMaskView.swift */; };
		3511409949FF03F2AC1E2078 /* PrivacyLocalBackendView.swift in Sources */ = {isa = PBXBuildFile; fileRef = AFED3B0E721BF4142AC11B6B /* PrivacyLocalBackendView.swift */; };
		36B2E4FF34235EC249BD326F /* EarnSocialExperienceStore.swift in Sources */ = {isa = PBXBuildFile; fileRef = 2057ED2531463624D85D5F45 /* EarnSocialExperienceStore.swift */; };
		36FA02E9E38C9FA41944D57B /* CrossSessionMemoryView.swift in Sources */ = {isa = PBXBuildFile; fileRef = 29BF49A9A02AFEBE2348A545 /* CrossSessionMemoryView.swift */; };
		393B16E41A31FD53249273E8 /* DiscoverMixedFeedSection.swift in Sources */ = {isa = PBXBuildFile; fileRef = 415624A139BB5C8D0AA0CA67 /* DiscoverMixedFeedSection.swift */; };
		3CCC871ADFA087F7545F2600 /* MainTabView.swift in Sources */ = {isa = PBXBuildFile; fileRef = FA8F3942C0944F7564282AE1 /* MainTabView.swift */; };
		4B8F544A5D93EBCB9DD8BF89 /* SceneAvatarRadarView.swift in Sources */ = {isa = PBXBuildFile; fileRef = C5A6B3F25134C4552FC55BAD /* SceneAvatarRadarView.swift */; };
		4E1B1565588DB0C468719143 /* CompanionChatStore.swift in Sources */ = {isa = PBXBuildFile; fileRef = 5311B6A62B7A079F29069701 /* CompanionChatStore.swift */; };
		4EB762C81894613B3BD11EA1 /* SpareLifePreviewHostApp.swift in Sources */ = {isa = PBXBuildFile; fileRef = FE53F658D6D8FF0AFBF8CED3 /* SpareLifePreviewHostApp.swift */; };
		5C96909B9D66F7EE17D76341 /* OpenClawPluginView.swift in Sources */ = {isa = PBXBuildFile; fileRef = 170FBFF79030AD2C52FBD98D /* OpenClawPluginView.swift */; };
		5D10080B84734307FD972C53 /* SQLiteBackendDashboardView.swift in Sources */ = {isa = PBXBuildFile; fileRef = 55CE86C8A40C9069A94802DF /* SQLiteBackendDashboardView.swift */; };
		6C7D29FAA238B12AFFB7BEBC /* ChatThreadView.swift in Sources */ = {isa = PBXBuildFile; fileRef = 11D9D2BD2EAE1ADA42122289 /* ChatThreadView.swift */; };
		6F9F645B8BD81728337E7DB9 /* GroupAgentPlayView.swift in Sources */ = {isa = PBXBuildFile; fileRef = F994559D3FEB501F21147A74 /* GroupAgentPlayView.swift */; };
		7897DF2547616B07C9F59FB0 /* QRScanView.swift in Sources */ = {isa = PBXBuildFile; fileRef = EB4095C51D56B41825A112E8 /* QRScanView.swift */; };
		7F7A88A080084D1E95517484 /* FeedCardProtocol.swift in Sources */ = {isa = PBXBuildFile; fileRef = A6DE9C0E36950C11374BA329 /* FeedCardProtocol.swift */; };
		80DD693A68E9382C91BBCA75 /* MasterHomeView.swift in Sources */ = {isa = PBXBuildFile; fileRef = D8FADEBBA788B78DA8A42125 /* MasterHomeView.swift */; };
		8105C490542AF91BF2C68CCE /* AwakeningPersonalityView.swift in Sources */ = {isa = PBXBuildFile; fileRef = A0325EBF9C819B315457A8E0 /* AwakeningPersonalityView.swift */; };
		8B1785E800381D0BF343B23F /* MyProfileView.swift in Sources */ = {isa = PBXBuildFile; fileRef = 0689A355BCB159F743162227 /* MyProfileView.swift */; };
		8C9AF1D5F4526F18F88A78DA /* Assets.xcassets in Resources */ = {isa = PBXBuildFile; fileRef = 5F95073FAF354D88479FBA2F /* Assets.xcassets */; };
		8CF1B9D0A5248A7F08EDBA5F /* GrowthStatsView.swift in Sources */ = {isa = PBXBuildFile; fileRef = 21B7B0F782F3104C251C9C5A /* GrowthStatsView.swift */; };
		95963318E5154D794B89D76F /* WaterfallLayout.swift in Sources */ = {isa = PBXBuildFile; fileRef = D57A0D576C96EDB15D6F012A /* WaterfallLayout.swift */; };
		9DFD00F16784095915DCE00F /* QuadRoleChatView.swift in Sources */ = {isa = PBXBuildFile; fileRef = 661D13424EB4EAA7849D522A /* QuadRoleChatView.swift */; };
		A2C5A8220C3E7985FC1FC3AD /* DesignTokens.swift in Sources */ = {isa = PBXBuildFile; fileRef = 0C8CAA1BF8537E89FC135724 /* DesignTokens.swift */; };
		A853AA4246C50C57C744F823 /* Foundation.framework in Frameworks */ = {isa = PBXBuildFile; fileRef = D41A03D52EB221BF32F5B489 /* Foundation.framework */; };
		ABFD109F36C54713297F7129 /* SceneClusterOverviewView.swift in Sources */ = {isa = PBXBuildFile; fileRef = D32F1E776754FBC158055BBC /* SceneClusterOverviewView.swift */; };
		AD26C9E158B623FE42378D11 /* MemoryPalaceView.swift in Sources */ = {isa = PBXBuildFile; fileRef = D55C0552C53AFF4382BAD4BB /* MemoryPalaceView.swift */; };
		B7F62B5BADCBB980EA8A77F7 /* SecurityRiskControlView.swift in Sources */ = {isa = PBXBuildFile; fileRef = D92BAC73E9351CFF25A3C792 /* SecurityRiskControlView.swift */; };
		BA92E72D51FC6D079C9B6599 /* Foundation.framework in Frameworks */ = {isa = PBXBuildFile; fileRef = D41A03D52EB221BF32F5B489 /* Foundation.framework */; };
		BB5C80622D5414E064329946 /* SceneTopicView.swift in Sources */ = {isa = PBXBuildFile; fileRef = 6648B08B808C86C5146631CA /* SceneTopicView.swift */; };
		BE08C8324D428E8BCAAD8635 /* EarnSocialHomeView.swift in Sources */ = {isa = PBXBuildFile; fileRef = EEE9848A144BCD9AB7CB866C /* EarnSocialHomeView.swift */; };
		C0FC1DBD264A0523AB437605 /* SyncScoreDashboardView.swift in Sources */ = {isa = PBXBuildFile; fileRef = 987F1BA56E6091840A19ADAC /* SyncScoreDashboardView.swift */; };
		C1F09A7500B73C119B875C51 /* SceneModels.swift in Sources */ = {isa = PBXBuildFile; fileRef = 3B725460696991C1A4493A7E /* SceneModels.swift */; };
		D0D4B4AC26A632EDAD20B45D /* LeadResultView.swift in Sources */ = {isa = PBXBuildFile; fileRef = 9D17007E15441A3D67AA9C33 /* LeadResultView.swift */; };
		D4F2BBBE575A5F73E54C07C4 /* XianxiaStage1UITests.swift in Sources */ = {isa = PBXBuildFile; fileRef = 9BCCDAFEC085D88B28ED05E2 /* XianxiaStage1UITests.swift */; };
		D702F9299122DB78644AAE1A /* UnifiedDiscoverFeedView.swift in Sources */ = {isa = PBXBuildFile; fileRef = CFED9CC7135C7DCFADCCDAEA /* UnifiedDiscoverFeedView.swift */; };
		D7C6E4D6638E744265D057ED /* ConversationHubView.swift in Sources */ = {isa = PBXBuildFile; fileRef = D80273361C7F8CB4898ED4D6 /* ConversationHubView.swift */; };
		EC0E816D7AE3B3FCC9EB58DC /* PlatformCompat.swift in Sources */ = {isa = PBXBuildFile; fileRef = CA8441BE15553954951948CB /* PlatformCompat.swift */; };
		F1EB957D40623E794AB21D8E /* XianxiaHomeView.swift in Sources */ = {isa = PBXBuildFile; fileRef = 119BA38420DACE9A3C0E22F2 /* XianxiaHomeView.swift */; };
		F6E24B6CC29FCA9C3AC8D0AD /* RelationshipGardenView.swift in Sources */ = {isa = PBXBuildFile; fileRef = DA3910CA154DCB9D4748CB26 /* RelationshipGardenView.swift */; };
		FD28CECDBF1C4EC384E7A9DD /* SceneFeedCardViews.swift in Sources */ = {isa = PBXBuildFile; fileRef = 449E6F940C80AB73BDBD15A9 /* SceneFeedCardViews.swift */; };
		FD63A5DD64344CB48AF8D370 /* MasterExperienceStore.swift in Sources */ = {isa = PBXBuildFile; fileRef = 0E911C26736F189526E239F6 /* MasterExperienceStore.swift */; };
/* End PBXBuildFile section */

/* Begin PBXContainerItemProxy section */
		D719F7B013975EC0547BD30A /* PBXContainerItemProxy */ = {
			isa = PBXContainerItemProxy;
			containerPortal = 0EE2287A047032825622D171 /* Project object */;
			proxyType = 1;
			remoteGlobalIDString = 4DE3640B4118AD62AA4D32A1;
			remoteInfo = SpareLifePreviewHost;
		};
/* End PBXContainerItemProxy section */

/* Begin PBXFileReference section */
		0689A355BCB159F743162227 /* MyProfileView.swift */ = {isa = PBXFileReference; includeInIndex = 1; lastKnownFileType = sourcecode.swift; name = MyProfileView.swift; path = "../spare-life-ios-app/Features/MyProfile/MyProfileView.swift"; sourceTree = "<group>"; };
		0C8CAA1BF8537E89FC135724 /* DesignTokens.swift */ = {isa = PBXFileReference; includeInIndex = 1; lastKnownFileType = sourcecode.swift; name = DesignTokens.swift; path = "../spare-life-ios-app/App/DesignSystem/DesignTokens.swift"; sourceTree = "<group>"; };
		0E911C26736F189526E239F6 /* MasterExperienceStore.swift */ = {isa = PBXFileReference; includeInIndex = 1; lastKnownFileType = sourcecode.swift; name = MasterExperienceStore.swift; path = "../spare-life-ios-app/Features/Masters/MasterExperienceStore.swift"; sourceTree = "<group>"; };
		119BA38420DACE9A3C0E22F2 /* XianxiaHomeView.swift */ = {isa = PBXFileReference; includeInIndex = 1; lastKnownFileType = sourcecode.swift; name = XianxiaHomeView.swift; path = "../spare-life-ios-app/Features/Xianxia/XianxiaHomeView.swift"; sourceTree = "<group>"; };
		11D9D2BD2EAE1ADA42122289 /* ChatThreadView.swift */ = {isa = PBXFileReference; includeInIndex = 1; lastKnownFileType = sourcecode.swift; name = ChatThreadView.swift; path = "../spare-life-ios-app/Features/CompanionChat/ChatThreadView.swift"; sourceTree = "<group>"; };
		170FBFF79030AD2C52FBD98D /* OpenClawPluginView.swift */ = {isa = PBXFileReference; includeInIndex = 1; lastKnownFileType = sourcecode.swift; name = OpenClawPluginView.swift; path = "../spare-life-ios-app/Features/Infrastructure/OpenClawPluginView.swift"; sourceTree = "<group>"; };
		2057ED2531463624D85D5F45 /* EarnSocialExperienceStore.swift */ = {isa = PBXFileReference; includeInIndex = 1; lastKnownFileType = sourcecode.swift; name = EarnSocialExperienceStore.swift; path = "../spare-life-ios-app/Features/EarnSocial/EarnSocialExperienceStore.swift"; sourceTree = "<group>"; };
		21B7B0F782F3104C251C9C5A /* GrowthStatsView.swift */ = {isa = PBXFileReference; includeInIndex = 1; lastKnownFileType = sourcecode.swift; name = GrowthStatsView.swift; path = "../spare-life-ios-app/Features/MyProfile/GrowthStatsView.swift"; sourceTree = "<group>"; };
		29BF49A9A02AFEBE2348A545 /* CrossSessionMemoryView.swift */ = {isa = PBXFileReference; includeInIndex = 1; lastKnownFileType = sourcecode.swift; name = CrossSessionMemoryView.swift; path = "../spare-life-ios-app/Features/CompanionChat/CrossSessionMemoryView.swift"; sourceTree = "<group>"; };
		3B725460696991C1A4493A7E /* SceneModels.swift */ = {isa = PBXFileReference; includeInIndex = 1; lastKnownFileType = sourcecode.swift; name = SceneModels.swift; path = "../spare-life-ios-app/Domain/Models/SceneModels.swift"; sourceTree = "<group>"; };
		415624A139BB5C8D0AA0CA67 /* DiscoverMixedFeedSection.swift */ = {isa = PBXFileReference; includeInIndex = 1; lastKnownFileType = sourcecode.swift; name = DiscoverMixedFeedSection.swift; path = "../spare-life-ios-app/Features/Shared/DiscoverMixedFeedSection.swift"; sourceTree = "<group>"; };
		449E6F940C80AB73BDBD15A9 /* SceneFeedCardViews.swift */ = {isa = PBXFileReference; includeInIndex = 1; lastKnownFileType = sourcecode.swift; name = SceneFeedCardViews.swift; path = "../spare-life-ios-app/Features/Xianxia/SceneFeedCardViews.swift"; sourceTree = "<group>"; };
		5311B6A62B7A079F29069701 /* CompanionChatStore.swift */ = {isa = PBXFileReference; includeInIndex = 1; lastKnownFileType = sourcecode.swift; name = CompanionChatStore.swift; path = "../spare-life-ios-app/Features/CompanionChat/CompanionChatStore.swift"; sourceTree = "<group>"; };
		55CE86C8A40C9069A94802DF /* SQLiteBackendDashboardView.swift */ = {isa = PBXFileReference; includeInIndex = 1; lastKnownFileType = sourcecode.swift; name = SQLiteBackendDashboardView.swift; path = "../spare-life-ios-app/Features/Infrastructure/SQLiteBackendDashboardView.swift"; sourceTree = "<group>"; };
		5F95073FAF354D88479FBA2F /* Assets.xcassets */ = {isa = PBXFileReference; includeInIndex = 1; lastKnownFileType = folder.assetcatalog; name = Assets.xcassets; path = Resources/Assets.xcassets; sourceTree = "<group>"; };
		661D13424EB4EAA7849D522A /* QuadRoleChatView.swift */ = {isa = PBXFileReference; includeInIndex = 1; lastKnownFileType = sourcecode.swift; name = QuadRoleChatView.swift; path = "../spare-life-ios-app/Features/CompanionChat/QuadRoleChatView.swift"; sourceTree = "<group>"; };
		6648B08B808C86C5146631CA /* SceneTopicView.swift */ = {isa = PBXFileReference; includeInIndex = 1; lastKnownFileType = sourcecode.swift; name = SceneTopicView.swift; path = "../spare-life-ios-app/Features/Xianxia/SceneTopicView.swift"; sourceTree = "<group>"; };
		74023AEE2F64369AA799E8A3 /* AIMemoryMatchingView.swift */ = {isa = PBXFileReference; includeInIndex = 1; lastKnownFileType = sourcecode.swift; name = AIMemoryMatchingView.swift; path = "../spare-life-ios-app/Features/Infrastructure/AIMemoryMatchingView.swift"; sourceTree = "<group>"; };
		7A026D0A5277E10E52233209 /* SpareLifePreviewHost.app */ = {isa = PBXFileReference; explicitFileType = wrapper.application; includeInIndex = 0; path = SpareLifePreviewHost.app; sourceTree = BUILT_PRODUCTS_DIR; };
		987F1BA56E6091840A19ADAC /* SyncScoreDashboardView.swift */ = {isa = PBXFileReference; includeInIndex = 1; lastKnownFileType = sourcecode.swift; name = SyncScoreDashboardView.swift; path = "../spare-life-ios-app/Features/MyProfile/SyncScoreDashboardView.swift"; sourceTree = "<group>"; };
		991D144BC6F64A2015523AA5 /* ContactMaskView.swift */ = {isa = PBXFileReference; includeInIndex = 1; lastKnownFileType = sourcecode.swift; name = ContactMaskView.swift; path = "../spare-life-ios-app/Features/CompanionChat/ContactMaskView.swift"; sourceTree = "<group>"; };
		9BCCDAFEC085D88B28ED05E2 /* XianxiaStage1UITests.swift */ = {isa = PBXFileReference; includeInIndex = 1; lastKnownFileType = sourcecode.swift; name = XianxiaStage1UITests.swift; path = UITests/XianxiaStage1UITests.swift; sourceTree = "<group>"; };
		9D17007E15441A3D67AA9C33 /* LeadResultView.swift */ = {isa = PBXFileReference; includeInIndex = 1; lastKnownFileType = sourcecode.swift; name = LeadResultView.swift; path = "../spare-life-ios-app/Features/EarnSocial/LeadResultView.swift"; sourceTree = "<group>"; };
		A0325EBF9C819B315457A8E0 /* AwakeningPersonalityView.swift */ = {isa = PBXFileReference; includeInIndex = 1; lastKnownFileType = sourcecode.swift; name = AwakeningPersonalityView.swift; path = "../spare-life-ios-app/Features/MyProfile/AwakeningPersonalityView.swift"; sourceTree = "<group>"; };
		A6DE9C0E36950C11374BA329 /* FeedCardProtocol.swift */ = {isa = PBXFileReference; includeInIndex = 1; lastKnownFileType = sourcecode.swift; name = FeedCardProtocol.swift; path = "../spare-life-ios-app/Features/Shared/FeedCardProtocol.swift"; sourceTree = "<group>"; };
		AFED3B0E721BF4142AC11B6B /* PrivacyLocalBackendView.swift */ = {isa = PBXFileReference; includeInIndex = 1; lastKnownFileType = sourcecode.swift; name = PrivacyLocalBackendView.swift; path = "../spare-life-ios-app/Features/MyProfile/PrivacyLocalBackendView.swift"; sourceTree = "<group>"; };
		C03C0826FB8CEC55F2FEFE6E /* SceneSocialIntentView.swift */ = {isa = PBXFileReference; includeInIndex = 1; lastKnownFileType = sourcecode.swift; name = SceneSocialIntentView.swift; path = "../spare-life-ios-app/Features/Xianxia/SceneSocialIntentView.swift"; sourceTree = "<group>"; };
		C5A6B3F25134C4552FC55BAD /* SceneAvatarRadarView.swift */ = {isa = PBXFileReference; includeInIndex = 1; lastKnownFileType = sourcecode.swift; name = SceneAvatarRadarView.swift; path = "../spare-life-ios-app/Features/Xianxia/SceneAvatarRadarView.swift"; sourceTree = "<group>"; };
		CA8441BE15553954951948CB /* PlatformCompat.swift */ = {isa = PBXFileReference; includeInIndex = 1; lastKnownFileType = sourcecode.swift; name = PlatformCompat.swift; path = "../spare-life-ios-app/App/DesignSystem/PlatformCompat.swift"; sourceTree = "<group>"; };
		CFED9CC7135C7DCFADCCDAEA /* UnifiedDiscoverFeedView.swift */ = {isa = PBXFileReference; includeInIndex = 1; lastKnownFileType = sourcecode.swift; name = UnifiedDiscoverFeedView.swift; path = "../spare-life-ios-app/Features/Shared/UnifiedDiscoverFeedView.swift"; sourceTree = "<group>"; };
		D32F1E776754FBC158055BBC /* SceneClusterOverviewView.swift */ = {isa = PBXFileReference; includeInIndex = 1; lastKnownFileType = sourcecode.swift; name = SceneClusterOverviewView.swift; path = "../spare-life-ios-app/Features/Xianxia/SceneClusterOverviewView.swift"; sourceTree = "<group>"; };
		D41A03D52EB221BF32F5B489 /* Foundation.framework */ = {isa = PBXFileReference; lastKnownFileType = wrapper.framework; name = Foundation.framework; path = Platforms/iPhoneOS.platform/Developer/SDKs/iPhoneOS18.0.sdk/System/Library/Frameworks/Foundation.framework; sourceTree = DEVELOPER_DIR; };
		D55C0552C53AFF4382BAD4BB /* MemoryPalaceView.swift */ = {isa = PBXFileReference; includeInIndex = 1; lastKnownFileType = sourcecode.swift; name = MemoryPalaceView.swift; path = "../spare-life-ios-app/Features/MyProfile/MemoryPalaceView.swift"; sourceTree = "<group>"; };
		D57A0D576C96EDB15D6F012A /* WaterfallLayout.swift */ = {isa = PBXFileReference; includeInIndex = 1; lastKnownFileType = sourcecode.swift; name = WaterfallLayout.swift; path = "../spare-life-ios-app/App/DesignSystem/WaterfallLayout.swift"; sourceTree = "<group>"; };
		D80273361C7F8CB4898ED4D6 /* ConversationHubView.swift */ = {isa = PBXFileReference; includeInIndex = 1; lastKnownFileType = sourcecode.swift; name = ConversationHubView.swift; path = "../spare-life-ios-app/Features/CompanionChat/ConversationHubView.swift"; sourceTree = "<group>"; };
		D8FADEBBA788B78DA8A42125 /* MasterHomeView.swift */ = {isa = PBXFileReference; includeInIndex = 1; lastKnownFileType = sourcecode.swift; name = MasterHomeView.swift; path = "../spare-life-ios-app/Features/Masters/MasterHomeView.swift"; sourceTree = "<group>"; };
		D92BAC73E9351CFF25A3C792 /* SecurityRiskControlView.swift */ = {isa = PBXFileReference; includeInIndex = 1; lastKnownFileType = sourcecode.swift; name = SecurityRiskControlView.swift; path = "../spare-life-ios-app/Features/Infrastructure/SecurityRiskControlView.swift"; sourceTree = "<group>"; };
		DA3910CA154DCB9D4748CB26 /* RelationshipGardenView.swift */ = {isa = PBXFileReference; includeInIndex = 1; lastKnownFileType = sourcecode.swift; name = RelationshipGardenView.swift; path = "../spare-life-ios-app/Features/CompanionChat/RelationshipGardenView.swift"; sourceTree = "<group>"; };
		E6C9A8E0BFAA3760810CA99E /* UnifiedWaterfallFeed.swift */ = {isa = PBXFileReference; includeInIndex = 1; lastKnownFileType = sourcecode.swift; name = UnifiedWaterfallFeed.swift; path = "../spare-life-ios-app/Features/Shared/UnifiedWaterfallFeed.swift"; sourceTree = "<group>"; };
		EB4095C51D56B41825A112E8 /* QRScanView.swift */ = {isa = PBXFileReference; includeInIndex = 1; lastKnownFileType = sourcecode.swift; name = QRScanView.swift; path = "../spare-life-ios-app/Features/Xianxia/QRScanView.swift"; sourceTree = "<group>"; };
		EEE9848A144BCD9AB7CB866C /* EarnSocialHomeView.swift */ = {isa = PBXFileReference; includeInIndex = 1; lastKnownFileType = sourcecode.swift; name = EarnSocialHomeView.swift; path = "../spare-life-ios-app/Features/EarnSocial/EarnSocialHomeView.swift"; sourceTree = "<group>"; };
		F4E220D2B66BC12B18412C64 /* SpareLifePreviewHostUITests.xctest */ = {isa = PBXFileReference; explicitFileType = wrapper.cfbundle; includeInIndex = 0; path = SpareLifePreviewHostUITests.xctest; sourceTree = BUILT_PRODUCTS_DIR; };
		F994559D3FEB501F21147A74 /* GroupAgentPlayView.swift */ = {isa = PBXFileReference; includeInIndex = 1; lastKnownFileType = sourcecode.swift; name = GroupAgentPlayView.swift; path = "../spare-life-ios-app/Features/CompanionChat/GroupAgentPlayView.swift"; sourceTree = "<group>"; };
		FA8F3942C0944F7564282AE1 /* MainTabView.swift */ = {isa = PBXFileReference; includeInIndex = 1; lastKnownFileType = sourcecode.swift; name = MainTabView.swift; path = "../spare-life-ios-app/App/MainTabView.swift"; sourceTree = "<group>"; };
		FE53F658D6D8FF0AFBF8CED3 /* SpareLifePreviewHostApp.swift */ = {isa = PBXFileReference; includeInIndex = 1; lastKnownFileType = sourcecode.swift; name = SpareLifePreviewHostApp.swift; path = App/SpareLifePreviewHostApp.swift; sourceTree = "<group>"; };
/* End PBXFileReference section */

/* Begin PBXFrameworksBuildPhase section */
		2B2CDA6010EE2D601740693E /* Frameworks */ = {
			isa = PBXFrameworksBuildPhase;
			buildActionMask = 2147483647;
			files = (
				A853AA4246C50C57C744F823 /* Foundation.framework in Frameworks */,
			);
			runOnlyForDeploymentPostprocessing = 0;
		};
		4CF726B49B4B0ACB44BCF99B /* Frameworks */ = {
			isa = PBXFrameworksBuildPhase;
			buildActionMask = 2147483647;
			files = (
				BA92E72D51FC6D079C9B6599 /* Foundation.framework in Frameworks */,
			);
			runOnlyForDeploymentPostprocessing = 0;
		};
/* End PBXFrameworksBuildPhase section */

/* Begin PBXGroup section */
		12F28E58E0111649122EBA8D /* MyProfile */ = {
			isa = PBXGroup;
			children = (
				A0325EBF9C819B315457A8E0 /* AwakeningPersonalityView.swift */,
				21B7B0F782F3104C251C9C5A /* GrowthStatsView.swift */,
				D55C0552C53AFF4382BAD4BB /* MemoryPalaceView.swift */,
				0689A355BCB159F743162227 /* MyProfileView.swift */,
				AFED3B0E721BF4142AC11B6B /* PrivacyLocalBackendView.swift */,
				987F1BA56E6091840A19ADAC /* SyncScoreDashboardView.swift */,
			);
			name = MyProfile;
			sourceTree = "<group>";
		};
		14A7E1F6F665157E3E05BD5A /* CompanionChat */ = {
			isa = PBXGroup;
			children = (
				11D9D2BD2EAE1ADA42122289 /* ChatThreadView.swift */,
				5311B6A62B7A079F29069701 /* CompanionChatStore.swift */,
				991D144BC6F64A2015523AA5 /* ContactMaskView.swift */,
				D80273361C7F8CB4898ED4D6 /* ConversationHubView.swift */,
				29BF49A9A02AFEBE2348A545 /* CrossSessionMemoryView.swift */,
				F994559D3FEB501F21147A74 /* GroupAgentPlayView.swift */,
				661D13424EB4EAA7849D522A /* QuadRoleChatView.swift */,
				DA3910CA154DCB9D4748CB26 /* RelationshipGardenView.swift */,
			);
			name = CompanionChat;
			sourceTree = "<group>";
		};
		231D31F386269F7ACCDB3756 /* Features */ = {
			isa = PBXGroup;
			children = (
				14A7E1F6F665157E3E05BD5A /* CompanionChat */,
				A43F1EB9CD019C5E0C985BC7 /* EarnSocial */,
				91B678D59E3C19554DBE3AE6 /* Infrastructure */,
				66A0E7F53D2C5094B8106510 /* Masters */,
				12F28E58E0111649122EBA8D /* MyProfile */,
				BC33AE5639B65514CB7D8A49 /* Shared */,
				EBA6B9ACC1453E5819F13979 /* Xianxia */,
			);
			name = Features;
			sourceTree = "<group>";
		};
		40C0F9C30F6EE80AD3745ED2 /* DesignSystem */ = {
			isa = PBXGroup;
			children = (
				0C8CAA1BF8537E89FC135724 /* DesignTokens.swift */,
				CA8441BE15553954951948CB /* PlatformCompat.swift */,
				D57A0D576C96EDB15D6F012A /* WaterfallLayout.swift */,
			);
			name = DesignSystem;
			sourceTree = "<group>";
		};
		66A0E7F53D2C5094B8106510 /* Masters */ = {
			isa = PBXGroup;
			children = (
				0E911C26736F189526E239F6 /* MasterExperienceStore.swift */,
				D8FADEBBA788B78DA8A42125 /* MasterHomeView.swift */,
			);
			name = Masters;
			sourceTree = "<group>";
		};
		75311BC267B98D59C0DB0A6D = {
			isa = PBXGroup;
			children = (
				CC5EFA1A43D35DA1ABC6C6D5 /* Products */,
				F0B0B5FC30616BDF09CB26C1 /* Frameworks */,
				F0B6B892D07129E3C1A3F798 /* SpareLifePreviewHost */,
			);
			sourceTree = "<group>";
		};
		7F25C44CE5C2F7A57579EF0F /* App */ = {
			isa = PBXGroup;
			children = (
				FE53F658D6D8FF0AFBF8CED3 /* SpareLifePreviewHostApp.swift */,
			);
			name = App;
			sourceTree = "<group>";
		};
		86503AC8319DDBA15CD366EF /* Models */ = {
			isa = PBXGroup;
			children = (
				3B725460696991C1A4493A7E /* SceneModels.swift */,
			);
			name = Models;
			sourceTree = "<group>";
		};
		87E6EBA6665CB0ECB8C54CF9 /* UITests */ = {
			isa = PBXGroup;
			children = (
				9BCCDAFEC085D88B28ED05E2 /* XianxiaStage1UITests.swift */,
			);
			name = UITests;
			sourceTree = "<group>";
		};
		91B678D59E3C19554DBE3AE6 /* Infrastructure */ = {
			isa = PBXGroup;
			children = (
				74023AEE2F64369AA799E8A3 /* AIMemoryMatchingView.swift */,
				170FBFF79030AD2C52FBD98D /* OpenClawPluginView.swift */,
				55CE86C8A40C9069A94802DF /* SQLiteBackendDashboardView.swift */,
				D92BAC73E9351CFF25A3C792 /* SecurityRiskControlView.swift */,
			);
			name = Infrastructure;
			sourceTree = "<group>";
		};
		A43F1EB9CD019C5E0C985BC7 /* EarnSocial */ = {
			isa = PBXGroup;
			children = (
				2057ED2531463624D85D5F45 /* EarnSocialExperienceStore.swift */,
				EEE9848A144BCD9AB7CB866C /* EarnSocialHomeView.swift */,
				9D17007E15441A3D67AA9C33 /* LeadResultView.swift */,
			);
			name = EarnSocial;
			sourceTree = "<group>";
		};
		B32F0DFFD68D25F8F1CC5B10 /* SharedSources */ = {
			isa = PBXGroup;
			children = (
				C2E68A0D2D94E1B567859892 /* App */,
				86503AC8319DDBA15CD366EF /* Models */,
				231D31F386269F7ACCDB3756 /* Features */,
			);
			name = SharedSources;
			sourceTree = "<group>";
		};
		BC33AE5639B65514CB7D8A49 /* Shared */ = {
			isa = PBXGroup;
			children = (
				415624A139BB5C8D0AA0CA67 /* DiscoverMixedFeedSection.swift */,
				A6DE9C0E36950C11374BA329 /* FeedCardProtocol.swift */,
				CFED9CC7135C7DCFADCCDAEA /* UnifiedDiscoverFeedView.swift */,
				E6C9A8E0BFAA3760810CA99E /* UnifiedWaterfallFeed.swift */,
			);
			name = Shared;
			sourceTree = "<group>";
		};
		C2E68A0D2D94E1B567859892 /* App */ = {
			isa = PBXGroup;
			children = (
				40C0F9C30F6EE80AD3745ED2 /* DesignSystem */,
				FA8F3942C0944F7564282AE1 /* MainTabView.swift */,
			);
			name = App;
			sourceTree = "<group>";
		};
		CC5EFA1A43D35DA1ABC6C6D5 /* Products */ = {
			isa = PBXGroup;
			children = (
				7A026D0A5277E10E52233209 /* SpareLifePreviewHost.app */,
				F4E220D2B66BC12B18412C64 /* SpareLifePreviewHostUITests.xctest */,
			);
			name = Products;
			sourceTree = "<group>";
		};
		D59B4392991AE35D617157EE /* Resources */ = {
			isa = PBXGroup;
			children = (
				5F95073FAF354D88479FBA2F /* Assets.xcassets */,
			);
			name = Resources;
			sourceTree = "<group>";
		};
		EBA6B9ACC1453E5819F13979 /* Xianxia */ = {
			isa = PBXGroup;
			children = (
				EB4095C51D56B41825A112E8 /* QRScanView.swift */,
				C5A6B3F25134C4552FC55BAD /* SceneAvatarRadarView.swift */,
				D32F1E776754FBC158055BBC /* SceneClusterOverviewView.swift */,
				449E6F940C80AB73BDBD15A9 /* SceneFeedCardViews.swift */,
				C03C0826FB8CEC55F2FEFE6E /* SceneSocialIntentView.swift */,
				6648B08B808C86C5146631CA /* SceneTopicView.swift */,
				119BA38420DACE9A3C0E22F2 /* XianxiaHomeView.swift */,
			);
			name = Xianxia;
			sourceTree = "<group>";
		};
		EDF456F9EE7C7B0115AE7A24 /* iOS */ = {
			isa = PBXGroup;
			children = (
				D41A03D52EB221BF32F5B489 /* Foundation.framework */,
			);
			name = iOS;
			sourceTree = "<group>";
		};
		F0B0B5FC30616BDF09CB26C1 /* Frameworks */ = {
			isa = PBXGroup;
			children = (
				EDF456F9EE7C7B0115AE7A24 /* iOS */,
			);
			name = Frameworks;
			sourceTree = "<group>";
		};
		F0B6B892D07129E3C1A3F798 /* SpareLifePreviewHost */ = {
			isa = PBXGroup;
			children = (
				7F25C44CE5C2F7A57579EF0F /* App */,
				B32F0DFFD68D25F8F1CC5B10 /* SharedSources */,
				87E6EBA6665CB0ECB8C54CF9 /* UITests */,
				D59B4392991AE35D617157EE /* Resources */,
			);
			name = SpareLifePreviewHost;
			sourceTree = "<group>";
		};
/* End PBXGroup section */

/* Begin PBXNativeTarget section */
		4DE3640B4118AD62AA4D32A1 /* SpareLifePreviewHost */ = {
			isa = PBXNativeTarget;
			buildConfigurationList = 3F5AF8239C0F90F6B4DF9B7B /* Build configuration list for PBXNativeTarget "SpareLifePreviewHost" */;
			buildPhases = (
				9A3B55715C1F51EB71686B8B /* Sources */,
				4CF726B49B4B0ACB44BCF99B /* Frameworks */,
				691DD1D250748CCF95E4C854 /* Resources */,
			);
			buildRules = (
			);
			dependencies = (
			);
			name = SpareLifePreviewHost;
			productName = SpareLifePreviewHost;
			productReference = 7A026D0A5277E10E52233209 /* SpareLifePreviewHost.app */;
			productType = "com.apple.product-type.application";
		};
		B7DF6AABAC4E3911682F4F4A /* SpareLifePreviewHostUITests */ = {
			isa = PBXNativeTarget;
			buildConfigurationList = 449D961522FF73D25DE40FF1 /* Build configuration list for PBXNativeTarget "SpareLifePreviewHostUITests" */;
			buildPhases = (
				8E7BBE519344C08CDCCA501E /* Sources */,
				2B2CDA6010EE2D601740693E /* Frameworks */,
				02E950A0CF4464B3199AED25 /* Resources */,
			);
			buildRules = (
			);
			dependencies = (
				9BE3F56244A17469F9378354 /* PBXTargetDependency */,
			);
			name = SpareLifePreviewHostUITests;
			productName = SpareLifePreviewHostUITests;
			productReference = F4E220D2B66BC12B18412C64 /* SpareLifePreviewHostUITests.xctest */;
			productType = "com.apple.product-type.bundle.ui-testing";
		};
/* End PBXNativeTarget section */

/* Begin PBXProject section */
		0EE2287A047032825622D171 /* Project object */ = {
			isa = PBXProject;
			attributes = {
				LastSwiftUpdateCheck = 1600;
				LastUpgradeCheck = 2600;
			};
			buildConfigurationList = C9F66BD8B3544DE5611B2A0F /* Build configuration list for PBXProject "SpareLifePreviewHost" */;
			compatibilityVersion = "Xcode 3.2";
			developmentRegion = en;
			hasScannedForEncodings = 0;
			knownRegions = (
				en,
				Base,
			);
			mainGroup = 75311BC267B98D59C0DB0A6D;
			minimizedProjectReferenceProxies = 0;
			preferredProjectObjectVersion = 77;
			productRefGroup = CC5EFA1A43D35DA1ABC6C6D5 /* Products */;
			projectDirPath = "";
			projectRoot = "";
			targets = (
				4DE3640B4118AD62AA4D32A1 /* SpareLifePreviewHost */,
				B7DF6AABAC4E3911682F4F4A /* SpareLifePreviewHostUITests */,
			);
		};
/* End PBXProject section */

/* Begin PBXResourcesBuildPhase section */
		02E950A0CF4464B3199AED25 /* Resources */ = {
			isa = PBXResourcesBuildPhase;
			buildActionMask = 2147483647;
			files = (
			);
			runOnlyForDeploymentPostprocessing = 0;
		};
		691DD1D250748CCF95E4C854 /* Resources */ = {
			isa = PBXResourcesBuildPhase;
			buildActionMask = 2147483647;
			files = (
				8C9AF1D5F4526F18F88A78DA /* Assets.xcassets in Resources */,
			);
			runOnlyForDeploymentPostprocessing = 0;
		};
/* End PBXResourcesBuildPhase section */

/* Begin PBXSourcesBuildPhase section */
		8E7BBE519344C08CDCCA501E /* Sources */ = {
			isa = PBXSourcesBuildPhase;
			buildActionMask = 2147483647;
			files = (
				D4F2BBBE575A5F73E54C07C4 /* XianxiaStage1UITests.swift in Sources */,
			);
			runOnlyForDeploymentPostprocessing = 0;
		};
		9A3B55715C1F51EB71686B8B /* Sources */ = {
			isa = PBXSourcesBuildPhase;
			buildActionMask = 2147483647;
			files = (
				4EB762C81894613B3BD11EA1 /* SpareLifePreviewHostApp.swift in Sources */,
				A2C5A8220C3E7985FC1FC3AD /* DesignTokens.swift in Sources */,
				EC0E816D7AE3B3FCC9EB58DC /* PlatformCompat.swift in Sources */,
				95963318E5154D794B89D76F /* WaterfallLayout.swift in Sources */,
				3CCC871ADFA087F7545F2600 /* MainTabView.swift in Sources */,
				C1F09A7500B73C119B875C51 /* SceneModels.swift in Sources */,
				6C7D29FAA238B12AFFB7BEBC /* ChatThreadView.swift in Sources */,
				4E1B1565588DB0C468719143 /* CompanionChatStore.swift in Sources */,
				2D2FC6D6207F002FEAB3045C /* ContactMaskView.swift in Sources */,
				D7C6E4D6638E744265D057ED /* ConversationHubView.swift in Sources */,
				36FA02E9E38C9FA41944D57B /* CrossSessionMemoryView.swift in Sources */,
				6F9F645B8BD81728337E7DB9 /* GroupAgentPlayView.swift in Sources */,
				9DFD00F16784095915DCE00F /* QuadRoleChatView.swift in Sources */,
				F6E24B6CC29FCA9C3AC8D0AD /* RelationshipGardenView.swift in Sources */,
				36B2E4FF34235EC249BD326F /* EarnSocialExperienceStore.swift in Sources */,
				BE08C8324D428E8BCAAD8635 /* EarnSocialHomeView.swift in Sources */,
				D0D4B4AC26A632EDAD20B45D /* LeadResultView.swift in Sources */,
				0DFC6043FA6EA66E40CC96C0 /* AIMemoryMatchingView.swift in Sources */,
				5C96909B9D66F7EE17D76341 /* OpenClawPluginView.swift in Sources */,
				5D10080B84734307FD972C53 /* SQLiteBackendDashboardView.swift in Sources */,
				B7F62B5BADCBB980EA8A77F7 /* SecurityRiskControlView.swift in Sources */,
				FD63A5DD64344CB48AF8D370 /* MasterExperienceStore.swift in Sources */,
				80DD693A68E9382C91BBCA75 /* MasterHomeView.swift in Sources */,
				8105C490542AF91BF2C68CCE /* AwakeningPersonalityView.swift in Sources */,
				8CF1B9D0A5248A7F08EDBA5F /* GrowthStatsView.swift in Sources */,
				AD26C9E158B623FE42378D11 /* MemoryPalaceView.swift in Sources */,
				8B1785E800381D0BF343B23F /* MyProfileView.swift in Sources */,
				3511409949FF03F2AC1E2078 /* PrivacyLocalBackendView.swift in Sources */,
				C0FC1DBD264A0523AB437605 /* SyncScoreDashboardView.swift in Sources */,
				393B16E41A31FD53249273E8 /* DiscoverMixedFeedSection.swift in Sources */,
				7F7A88A080084D1E95517484 /* FeedCardProtocol.swift in Sources */,
				D702F9299122DB78644AAE1A /* UnifiedDiscoverFeedView.swift in Sources */,
				00F0EB3A31EBC56D5C8FD1A2 /* UnifiedWaterfallFeed.swift in Sources */,
				7897DF2547616B07C9F59FB0 /* QRScanView.swift in Sources */,
				4B8F544A5D93EBCB9DD8BF89 /* SceneAvatarRadarView.swift in Sources */,
				ABFD109F36C54713297F7129 /* SceneClusterOverviewView.swift in Sources */,
				FD28CECDBF1C4EC384E7A9DD /* SceneFeedCardViews.swift in Sources */,
				0B8914BE9F0288AEBFBADB17 /* SceneSocialIntentView.swift in Sources */,
				BB5C80622D5414E064329946 /* SceneTopicView.swift in Sources */,
				F1EB957D40623E794AB21D8E /* XianxiaHomeView.swift in Sources */,
			);
			runOnlyForDeploymentPostprocessing = 0;
		};
/* End PBXSourcesBuildPhase section */

/* Begin PBXTargetDependency section */
		9BE3F56244A17469F9378354 /* PBXTargetDependency */ = {
			isa = PBXTargetDependency;
			name = SpareLifePreviewHost;
			target = 4DE3640B4118AD62AA4D32A1 /* SpareLifePreviewHost */;
			targetProxy = D719F7B013975EC0547BD30A /* PBXContainerItemProxy */;
		};
/* End PBXTargetDependency section */

/* Begin XCBuildConfiguration section */
		31C6981F33E8A19CE177697E /* Debug */ = {
			isa = XCBuildConfiguration;
			buildSettings = {
				CLANG_ENABLE_OBJC_WEAK = NO;
				CODE_SIGN_STYLE = Automatic;
				CURRENT_PROJECT_VERSION = 1;
				DEVELOPMENT_TEAM = "";
				GENERATE_INFOPLIST_FILE = YES;
				IPHONEOS_DEPLOYMENT_TARGET = 16.0;
				MARKETING_VERSION = 1.0;
				PRODUCT_BUNDLE_IDENTIFIER = com.wangweiyang.sparelife.previewhost.uitests;
				PRODUCT_NAME = "$(TARGET_NAME)";
				SDKROOT = iphoneos;
				SWIFT_VERSION = 6.0;
				TARGETED_DEVICE_FAMILY = "1,2";
				TEST_TARGET_NAME = SpareLifePreviewHost;
			};
			name = Debug;
		};
		353099A69FD0F532949C7755 /* Release */ = {
			isa = XCBuildConfiguration;
			buildSettings = {
				CLANG_ENABLE_OBJC_WEAK = NO;
				CODE_SIGN_STYLE = Automatic;
				CURRENT_PROJECT_VERSION = 1;
				DEVELOPMENT_TEAM = "";
				GENERATE_INFOPLIST_FILE = YES;
				IPHONEOS_DEPLOYMENT_TARGET = 16.0;
				MARKETING_VERSION = 1.0;
				PRODUCT_BUNDLE_IDENTIFIER = com.wangweiyang.sparelife.previewhost.uitests;
				PRODUCT_NAME = "$(TARGET_NAME)";
				SDKROOT = iphoneos;
				SWIFT_VERSION = 6.0;
				TARGETED_DEVICE_FAMILY = "1,2";
				TEST_TARGET_NAME = SpareLifePreviewHost;
				VALIDATE_PRODUCT = YES;
			};
			name = Release;
		};
		6B1BC36C2227D79FC8AF7D86 /* Release */ = {
			isa = XCBuildConfiguration;
			buildSettings = {
				ALWAYS_SEARCH_USER_PATHS = NO;
				CLANG_ANALYZER_NONNULL = YES;
				CLANG_ANALYZER_NUMBER_OBJECT_CONVERSION = YES_AGGRESSIVE;
				CLANG_CXX_LANGUAGE_STANDARD = "gnu++14";
				CLANG_CXX_LIBRARY = "libc++";
				CLANG_ENABLE_MODULES = YES;
				CLANG_ENABLE_OBJC_ARC = YES;
				CLANG_ENABLE_OBJC_WEAK = YES;
				CLANG_WARN_BLOCK_CAPTURE_AUTORELEASING = YES;
				CLANG_WARN_BOOL_CONVERSION = YES;
				CLANG_WARN_COMMA = YES;
				CLANG_WARN_CONSTANT_CONVERSION = YES;
				CLANG_WARN_DEPRECATED_OBJC_IMPLEMENTATIONS = YES;
				CLANG_WARN_DIRECT_OBJC_ISA_USAGE = YES_ERROR;
				CLANG_WARN_DOCUMENTATION_COMMENTS = YES;
				CLANG_WARN_EMPTY_BODY = YES;
				CLANG_WARN_ENUM_CONVERSION = YES;
				CLANG_WARN_INFINITE_RECURSION = YES;
				CLANG_WARN_INT_CONVERSION = YES;
				CLANG_WARN_NON_LITERAL_NULL_CONVERSION = YES;
				CLANG_WARN_OBJC_IMPLICIT_RETAIN_SELF = YES;
				CLANG_WARN_OBJC_LITERAL_CONVERSION = YES;
				CLANG_WARN_OBJC_ROOT_CLASS = YES_ERROR;
				CLANG_WARN_QUOTED_INCLUDE_IN_FRAMEWORK_HEADER = YES;
				CLANG_WARN_RANGE_LOOP_ANALYSIS = YES;
				CLANG_WARN_STRICT_PROTOTYPES = YES;
				CLANG_WARN_SUSPICIOUS_MOVE = YES;
				CLANG_WARN_UNGUARDED_AVAILABILITY = YES_AGGRESSIVE;
				CLANG_WARN_UNREACHABLE_CODE = YES;
				CLANG_WARN__DUPLICATE_METHOD_MATCH = YES;
				COPY_PHASE_STRIP = NO;
				DEBUG_INFORMATION_FORMAT = "dwarf-with-dsym";
				ENABLE_NS_ASSERTIONS = NO;
				ENABLE_STRICT_OBJC_MSGSEND = YES;
				GCC_C_LANGUAGE_STANDARD = gnu11;
				GCC_NO_COMMON_BLOCKS = YES;
				GCC_WARN_64_TO_32_BIT_CONVERSION = YES;
				GCC_WARN_ABOUT_RETURN_TYPE = YES_ERROR;
				GCC_WARN_UNDECLARED_SELECTOR = YES;
				GCC_WARN_UNINITIALIZED_AUTOS = YES_AGGRESSIVE;
				GCC_WARN_UNUSED_FUNCTION = YES;
				GCC_WARN_UNUSED_VARIABLE = YES;
				IPHONEOS_DEPLOYMENT_TARGET = 16.0;
				MTL_ENABLE_DEBUG_INFO = NO;
				MTL_FAST_MATH = YES;
				PRODUCT_NAME = "$(TARGET_NAME)";
				SWIFT_COMPILATION_MODE = wholemodule;
				SWIFT_OPTIMIZATION_LEVEL = "-O";
				SWIFT_VERSION = 5.0;
			};
			name = Release;
		};
		BA8161CAAB0FDD9E2BAA0FFE /* Debug */ = {
			isa = XCBuildConfiguration;
			buildSettings = {
				ALWAYS_SEARCH_USER_PATHS = NO;
				CLANG_ANALYZER_NONNULL = YES;
				CLANG_ANALYZER_NUMBER_OBJECT_CONVERSION = YES_AGGRESSIVE;
				CLANG_CXX_LANGUAGE_STANDARD = "gnu++14";
				CLANG_CXX_LIBRARY = "libc++";
				CLANG_ENABLE_MODULES = YES;
				CLANG_ENABLE_OBJC_ARC = YES;
				CLANG_ENABLE_OBJC_WEAK = YES;
				CLANG_WARN_BLOCK_CAPTURE_AUTORELEASING = YES;
				CLANG_WARN_BOOL_CONVERSION = YES;
				CLANG_WARN_COMMA = YES;
				CLANG_WARN_CONSTANT_CONVERSION = YES;
				CLANG_WARN_DEPRECATED_OBJC_IMPLEMENTATIONS = YES;
				CLANG_WARN_DIRECT_OBJC_ISA_USAGE = YES_ERROR;
				CLANG_WARN_DOCUMENTATION_COMMENTS = YES;
				CLANG_WARN_EMPTY_BODY = YES;
				CLANG_WARN_ENUM_CONVERSION = YES;
				CLANG_WARN_INFINITE_RECURSION = YES;
				CLANG_WARN_INT_CONVERSION = YES;
				CLANG_WARN_NON_LITERAL_NULL_CONVERSION = YES;
				CLANG_WARN_OBJC_IMPLICIT_RETAIN_SELF = YES;
				CLANG_WARN_OBJC_LITERAL_CONVERSION = YES;
				CLANG_WARN_OBJC_ROOT_CLASS = YES_ERROR;
				CLANG_WARN_QUOTED_INCLUDE_IN_FRAMEWORK_HEADER = YES;
				CLANG_WARN_RANGE_LOOP_ANALYSIS = YES;
				CLANG_WARN_STRICT_PROTOTYPES = YES;
				CLANG_WARN_SUSPICIOUS_MOVE = YES;
				CLANG_WARN_UNGUARDED_AVAILABILITY = YES_AGGRESSIVE;
				CLANG_WARN_UNREACHABLE_CODE = YES;
				CLANG_WARN__DUPLICATE_METHOD_MATCH = YES;
				COPY_PHASE_STRIP = NO;
				DEBUG_INFORMATION_FORMAT = dwarf;
				ENABLE_STRICT_OBJC_MSGSEND = YES;
				ENABLE_TESTABILITY = YES;
				GCC_C_LANGUAGE_STANDARD = gnu11;
				GCC_DYNAMIC_NO_PIC = NO;
				GCC_NO_COMMON_BLOCKS = YES;
				GCC_OPTIMIZATION_LEVEL = 0;
				GCC_PREPROCESSOR_DEFINITIONS = (
					"DEBUG=1",
					"$(inherited)",
				);
				GCC_WARN_64_TO_32_BIT_CONVERSION = YES;
				GCC_WARN_ABOUT_RETURN_TYPE = YES_ERROR;
				GCC_WARN_UNDECLARED_SELECTOR = YES;
				GCC_WARN_UNINITIALIZED_AUTOS = YES_AGGRESSIVE;
				GCC_WARN_UNUSED_FUNCTION = YES;
				GCC_WARN_UNUSED_VARIABLE = YES;
				IPHONEOS_DEPLOYMENT_TARGET = 16.0;
				MTL_ENABLE_DEBUG_INFO = INCLUDE_SOURCE;
				MTL_FAST_MATH = YES;
				ONLY_ACTIVE_ARCH = YES;
				PRODUCT_NAME = "$(TARGET_NAME)";
				SWIFT_ACTIVE_COMPILATION_CONDITIONS = DEBUG;
				SWIFT_OPTIMIZATION_LEVEL = "-Onone";
				SWIFT_VERSION = 5.0;
			};
			name = Debug;
		};
		EEC25D83750C20AB19E7DDD5 /* Debug */ = {
			isa = XCBuildConfiguration;
			buildSettings = {
				ASSETCATALOG_COMPILER_APPICON_NAME = AppIcon;
				ASSETCATALOG_COMPILER_GLOBAL_ACCENT_COLOR_NAME = AccentColor;
				CLANG_ENABLE_OBJC_WEAK = NO;
				CODE_SIGN_STYLE = Automatic;
				CURRENT_PROJECT_VERSION = 1;
				DEVELOPMENT_TEAM = "";
				GENERATE_INFOPLIST_FILE = YES;
				INFOPLIST_KEY_UIApplicationSupportsIndirectInputEvents = YES;
				INFOPLIST_KEY_UILaunchScreen_Generation = YES;
				INFOPLIST_KEY_UIRequiresFullScreen = NO;
				INFOPLIST_KEY_UISupportedInterfaceOrientations_iPad = "UIInterfaceOrientationPortrait UIInterfaceOrientationPortraitUpsideDown UIInterfaceOrientationLandscapeLeft UIInterfaceOrientationLandscapeRight";
				INFOPLIST_KEY_UISupportedInterfaceOrientations_iPhone = "UIInterfaceOrientationPortrait UIInterfaceOrientationLandscapeLeft UIInterfaceOrientationLandscapeRight";
				IPHONEOS_DEPLOYMENT_TARGET = 16.0;
				LD_RUNPATH_SEARCH_PATHS = "$(inherited) @executable_path/Frameworks";
				MARKETING_VERSION = 1.0;
				PRODUCT_BUNDLE_IDENTIFIER = com.wangweiyang.sparelife.previewhost;
				PRODUCT_NAME = "$(TARGET_NAME)";
				SDKROOT = iphoneos;
				SUPPORTS_MACCATALYST = NO;
				SUPPORTS_MAC_DESIGNED_FOR_IPHONE_IPAD = NO;
				SWIFT_VERSION = 6.0;
				TARGETED_DEVICE_FAMILY = "1,2";
			};
			name = Debug;
		};
		FEEFBF10F48CC7C5BB7E48CC /* Release */ = {
			isa = XCBuildConfiguration;
			buildSettings = {
				ASSETCATALOG_COMPILER_APPICON_NAME = AppIcon;
				ASSETCATALOG_COMPILER_GLOBAL_ACCENT_COLOR_NAME = AccentColor;
				CLANG_ENABLE_OBJC_WEAK = NO;
				CODE_SIGN_STYLE = Automatic;
				CURRENT_PROJECT_VERSION = 1;
				DEVELOPMENT_TEAM = "";
				GENERATE_INFOPLIST_FILE = YES;
				INFOPLIST_KEY_UIApplicationSupportsIndirectInputEvents = YES;
				INFOPLIST_KEY_UILaunchScreen_Generation = YES;
				INFOPLIST_KEY_UIRequiresFullScreen = NO;
				INFOPLIST_KEY_UISupportedInterfaceOrientations_iPad = "UIInterfaceOrientationPortrait UIInterfaceOrientationPortraitUpsideDown UIInterfaceOrientationLandscapeLeft UIInterfaceOrientationLandscapeRight";
				INFOPLIST_KEY_UISupportedInterfaceOrientations_iPhone = "UIInterfaceOrientationPortrait UIInterfaceOrientationLandscapeLeft UIInterfaceOrientationLandscapeRight";
				IPHONEOS_DEPLOYMENT_TARGET = 16.0;
				LD_RUNPATH_SEARCH_PATHS = "$(inherited) @executable_path/Frameworks";
				MARKETING_VERSION = 1.0;
				PRODUCT_BUNDLE_IDENTIFIER = com.wangweiyang.sparelife.previewhost;
				PRODUCT_NAME = "$(TARGET_NAME)";
				SDKROOT = iphoneos;
				SUPPORTS_MACCATALYST = NO;
				SUPPORTS_MAC_DESIGNED_FOR_IPHONE_IPAD = NO;
				SWIFT_VERSION = 6.0;
				TARGETED_DEVICE_FAMILY = "1,2";
				VALIDATE_PRODUCT = YES;
			};
			name = Release;
		};
/* End XCBuildConfiguration section */

/* Begin XCConfigurationList section */
		3F5AF8239C0F90F6B4DF9B7B /* Build configuration list for PBXNativeTarget "SpareLifePreviewHost" */ = {
			isa = XCConfigurationList;
			buildConfigurations = (
				FEEFBF10F48CC7C5BB7E48CC /* Release */,
				EEC25D83750C20AB19E7DDD5 /* Debug */,
			);
			defaultConfigurationIsVisible = 0;
			defaultConfigurationName = Release;
		};
		449D961522FF73D25DE40FF1 /* Build configuration list for PBXNativeTarget "SpareLifePreviewHostUITests" */ = {
			isa = XCConfigurationList;
			buildConfigurations = (
				353099A69FD0F532949C7755 /* Release */,
				31C6981F33E8A19CE177697E /* Debug */,
			);
			defaultConfigurationIsVisible = 0;
			defaultConfigurationName = Release;
		};
		C9F66BD8B3544DE5611B2A0F /* Build configuration list for PBXProject "SpareLifePreviewHost" */ = {
			isa = XCConfigurationList;
			buildConfigurations = (
				BA8161CAAB0FDD9E2BAA0FFE /* Debug */,
				6B1BC36C2227D79FC8AF7D86 /* Release */,
			);
			defaultConfigurationIsVisible = 0;
			defaultConfigurationName = Release;
		};
/* End XCConfigurationList section */
	};
	rootObject = 0EE2287A047032825622D171 /* Project object */;
}
